{
  "originHash" : "39ff089df15f45688d290a8339b3ee701ef5526e401220317c7d8bee037bbe79",
  "pins" : [
    {
      "identity" : "lastfm.swift",
      "kind" : "remoteSourceControl",
      "location" : "https://github.com/duhnnie/LastFM.swift",
      "state" : {
        "revision" : "ab19b1f8c81abdb5760fb06b8095a9e232af1ca1",
        "version" : "1.6.1"
      }
    },
    {
      "identity" : "swiftrestclient",
      "kind" : "remoteSourceControl",
      "location" : "https://github.com/duhnnie/SwiftRestClient",
      "state" : {
        "revision" : "eb7b2fcf534b0293e11e139866c5117bc56e7695",
        "version" : "0.7.1"
      }
    },
    {
      "identity" : "zvuk-swift",
      "kind" : "remoteSourceControl",
      "location" : "https://github.com/korenskoy/zvuk-swift.git",
      "state" : {
        "revision" : "f752b446d7175d8c2d7d673fd4913f112b23fd3c",
        "version" : "0.2.0"
      }
    }
  ],
  "version" : 3
}
